<?xml version="1.0" encoding="utf-8"?>
<Project ToolsVersion="4.0" xmlns="http://schemas.microsoft.com/developer/msbuild/2003">
  <ItemGroup>
    <Filter Include="Source Files">
      <UniqueIdentifier>{4FC737F1-C7A5-4376-A066-2A32D752A2FF}</UniqueIdentifier>
      <Extensions>cpp;c;cc;cxx;c++;cppm;ixx;def;odl;idl;hpj;bat;asm;asmx</Extensions>
    </Filter>
    <Filter Include="Header Files">
      <UniqueIdentifier>{93995380-89BD-4b04-88EB-625FBE52EBFB}</UniqueIdentifier>
      <Extensions>h;hh;hpp;hxx;h++;hm;inl;inc;ipp;xsd</Extensions>
    </Filter>
    <Filter Include="Resource Files">
      <UniqueIdentifier>{67DA6AB6-F800-4c08-8B7A-83BB121AAD01}</UniqueIdentifier>
      <Extensions>rc;ico;cur;bmp;dlg;rc2;rct;bin;rgs;gif;jpg;jpeg;jpe;resx;tiff;tif;png;wav;mfcribbon-ms</Extensions>
    </Filter>
  </ItemGroup>
  <ItemGroup>
    <ClCompile Include="src\main.cpp">
      <Filter>Source Files</Filter>
    </ClCompile>
    <ClCompile Include="src\orcus_core.cpp">
      <Filter>Source Files</Filter>
    </ClCompile>
    <ClCompile Include="src\orcus_bank.cpp">
      <Filter>Source Files</Filter>
    </ClCompile>
    <ClCompile Include="src\orcus_config.cpp">
      <Filter>Source Files</Filter>
    </ClCompile>
    <ClCompile Include="src\orcus_geom.cpp">
      <Filter>Source Files</Filter>
    </ClCompile>
    <ClCompile Include="src\orcus_physics.cpp">
      <Filter>Source Files</Filter>
    </ClCompile>
    <ClCompile Include="src\orcus_dynamics.cpp">
      <Filter>Source Files</Filter>
    </ClCompile>
    <ClCompile Include="src\orcus_aero.cpp">
      <Filter>Source Files</Filter>
    </ClCompile>
    <ClCompile Include="src\orcus_heat.cpp">
      <Filter>Source Files</Filter>
    </ClCompile>
    <ClCompile Include="src\orcus_tps.cpp">
      <Filter>Source Files</Filter>
    </ClCompile>
    <ClCompile Include="src\orcus_tps_opt.cpp">
      <Filter>Source Files</Filter>
    </ClCompile>
    <ClCompile Include="src\orcus_traj_opt.cpp">
      <Filter>Source Files</Filter>
    </ClCompile>
    <ClCompile Include="src\orcus_guidance.cpp">
      <Filter>Source Files</Filter>
    </ClCompile>
    <ClCompile Include="src\orcus_uncertainity.cpp">
      <Filter>Source Files</Filter>
    </ClCompile>
    <ClCompile Include="src\orcus_envelope.cpp">
      <Filter>Source Files</Filter>
    </ClCompile>
    <ClCompile Include="src\orcus_tps_min.cpp">
      <Filter>Source Files</Filter>
    </ClCompile>
    <ClCompile Include="src\orcus_montecarlo.cpp">
      <Filter>Source Files</Filter>
    </ClCompile>
    <ClCompile Include="src\orcus_aerothermal.cpp">
      <Filter>Source Files</Filter>
    </ClCompile>
    <ClCompile Include="src\orcus_flowfield.cpp">
      <Filter>Source Files</Filter>
    </ClCompile>
    <ClCompile Include="src\orcus_bl_heating.cpp">
      <Filter>Source Files</Filter>
    </ClCompile>
    <ClCompile Include="src\orcus_boundary_layer.cpp">
      <Filter>Source Files</Filter>
    </ClCompile>
    <ClCompile Include="src\orcus_pns_energy.cpp">
      <Filter>Source Files</Filter>
    </ClCompile>
    <ClCompile Include="include\orcus_shock_layer.h">
      <Filter>Source Files</Filter>
    </ClCompile>
    <ClCompile Include="src\orcus_shock_layer.cpp">
      <Filter>Source Files</Filter>
    </ClCompile>
    <ClCompile Include="src\orcus_real_gas.cpp">
      <Filter>Source Files</Filter>
    </ClCompile>
    <ClCompile Include="src\orcus_surface_chemistry.cpp">
      <Filter>Source Files</Filter>
    </ClCompile>
    <ClCompile Include="src\orcus_noneq_chemistry.cpp">
      <Filter>Source Files</Filter>
    </ClCompile>
    <ClCompile Include="src\orcus_radiation.cpp">
      <Filter>Source Files</Filter>
    </ClCompile>
    <ClCompile Include="src\orcus_inviscid.cpp">
      <Filter>Source Files</Filter>
    </ClCompile>
  </ItemGroup>
  <ItemGroup>
    <ClInclude Include="include\orcus_core.h">
      <Filter>Header Files</Filter>
    </ClInclude>
    <ClInclude Include="include\orcus_bank.h">
      <Filter>Header Files</Filter>
    </ClInclude>
    <ClInclude Include="include\orcus_config.h">
      <Filter>Header Files</Filter>
    </ClInclude>
    <ClInclude Include="include\orcus_geom.h">
      <Filter>Header Files</Filter>
    </ClInclude>
    <ClInclude Include="include\orcus_constants.h">
      <Filter>Header Files</Filter>
    </ClInclude>
    <ClInclude Include="include\orcus_physics.h">
      <Filter>Header Files</Filter>
    </ClInclude>
    <ClInclude Include="include\orcus_dynamics.h">
      <Filter>Header Files</Filter>
    </ClInclude>
    <ClInclude Include="include\orcus_aero.h">
      <Filter>Header Files</Filter>
    </ClInclude>
    <ClInclude Include="include\orcus_heat.h">
      <Filter>Header Files</Filter>
    </ClInclude>
    <ClInclude Include="include\orcus_tps.h">
      <Filter>Header Files</Filter>
    </ClInclude>
    <ClInclude Include="include\orcus_tps_opt.h">
      <Filter>Header Files</Filter>
    </ClInclude>
    <ClInclude Include="include\orcus_traj_opt.h">
      <Filter>Header Files</Filter>
    </ClInclude>
    <ClInclude Include="include\orcus_guidance.h">
      <Filter>Header Files</Filter>
    </ClInclude>
    <ClInclude Include="include\orcus_uncertainity.h">
      <Filter>Header Files</Filter>
    </ClInclude>
    <ClInclude Include="include\orcus_envelope.h">
      <Filter>Header Files</Filter>
    </ClInclude>
    <ClInclude Include="include\orcus_tps_min.h">
      <Filter>Header Files</Filter>
    </ClInclude>
    <ClInclude Include="include\orcus_montecarlo.h">
      <Filter>Header Files</Filter>
    </ClInclude>
    <ClInclude Include="include\orcus_aerothermal.h">
      <Filter>Header Files</Filter>
    </ClInclude>
    <ClInclude Include="include\orcus_flowfield.h">
      <Filter>Header Files</Filter>
    </ClInclude>
    <ClInclude Include="include\orcus_bl_heating.h">
      <Filter>Header Files</Filter>
    </ClInclude>
    <ClInclude Include="include\orcus_boundary_layer.h">
      <Filter>Header Files</Filter>
    </ClInclude>
    <ClInclude Include="include\orcus_pns_energy.h">
      <Filter>Header Files</Filter>
    </ClInclude>
    <ClInclude Include="include\orcus_real_gas.h">
      <Filter>Header Files</Filter>
    </ClInclude>
    <ClInclude Include="include\orcus_surface_chemistry.h">
      <Filter>Header Files</Filter>
    </ClInclude>
    <ClInclude Include="include\orcus_noneq_chemistry.h">
      <Filter>Header Files</Filter>
    </ClInclude>
    <ClInclude Include="include\orcus_radiation.h">
      <Filter>Header Files</Filter>
    </ClInclude>
    <ClInclude Include="include\orcus_inviscid.h">
      <Filter>Header Files</Filter>
    </ClInclude>
  </ItemGroup>
</Project>